
Microsoft Visual Studio Solution File, Format Version 12.00
# Visual Studio 15
Project("{FAE04EC0-301F-11D3-BF4B-00C04F79EFBC}") = "Awesome_Bomber_Man", "Assembly-CSharp.csproj", "{B349313F-7B4B-7A5D-456D-5FFC54C87EA6}"
EndProject
Global
	GlobalSection(SolutionConfigurationPlatforms) = preSolution
		Debug|Any CPU = Debug|Any CPU
		Release|Any CPU = Release|Any CPU
	EndGlobalSection
	GlobalSection(ProjectConfigurationPlatforms) = postSolution
		{B349313F-7B4B-7A5D-456D-5FFC54C87EA6}.Debug|Any CPU.ActiveCfg = Debug|Any CPU
		{B349313F-7B4B-7A5D-456D-5FFC54C87EA6}.Debug|Any CPU.Build.0 = Debug|Any CPU
		{B349313F-7B4B-7A5D-456D-5FFC54C87EA6}.Release|Any CPU.ActiveCfg = Release|Any CPU
		{B349313F-7B4B-7A5D-456D-5FFC54C87EA6}.Release|Any CPU.Build.0 = Release|Any CPU
	EndGlobalSection
	GlobalSection(SolutionProperties) = preSolution
		HideSolutionNode = FALSE
	EndGlobalSection
	GlobalSection(MonoDevelopProperties) = preSolution
		StartupItem = Assembly-CSharp.csproj
	EndGlobalSection
EndGlobal
